// !$*UTF8*$!
{
	archiveVersion = 1;
	classes = {
	};
	objectVersion = 50;
	objects = {

/* Begin PBXBuildFile section */
		286F774621B418E30069C12E /* AppDelegate.swift in Sources */ = {isa = PBXBuildFile; fileRef = 286F774521B418E30069C12E /* AppDelegate.swift */; };
		286F774D21B418E50069C12E /* Assets.xcassets in Resources */ = {isa = PBXBuildFile; fileRef = 286F774C21B418E50069C12E /* Assets.xcassets */; };
		286F775021B418E50069C12E /* LaunchScreen.storyboard in Resources */ = {isa = PBXBuildFile; fileRef = 286F774E21B418E50069C12E /* LaunchScreen.storyboard */; };
		286F775921B419720069C12E /* Coordinator.swift in Sources */ = {isa = PBXBuildFile; fileRef = 286F775821B419720069C12E /* Coordinator.swift */; };
		286F775B21B419D00069C12E /* TabBarCoordinator.swift in Sources */ = {isa = PBXBuildFile; fileRef = 286F775A21B419D00069C12E /* TabBarCoordinator.swift */; };
		286F775E21B41CF20069C12E /* TransitionsCoordinator.swift in Sources */ = {isa = PBXBuildFile; fileRef = 286F775D21B41CF20069C12E /* TransitionsCoordinator.swift */; };
		286F776121B41D120069C12E /* AnimationsMenuCoordinator.swift in Sources */ = {isa = PBXBuildFile; fileRef = 286F776021B41D120069C12E /* AnimationsMenuCoordinator.swift */; };
		286F776821B4267F0069C12E /* StoryboardExtentions.swift in Sources */ = {isa = PBXBuildFile; fileRef = 286F776721B4267F0069C12E /* StoryboardExtentions.swift */; };
		286F776A21B427180069C12E /* StringExtensions.swift in Sources */ = {isa = PBXBuildFile; fileRef = 286F776921B427180069C12E /* StringExtensions.swift */; };
		286F777121B4287A0069C12E /* AnimationsMenu.storyboard in Resources */ = {isa = PBXBuildFile; fileRef = 286F777021B4287A0069C12E /* AnimationsMenu.storyboard */; };
		286F777421B42B1E0069C12E /* TransitionFirstViewController.swift in Sources */ = {isa = PBXBuildFile; fileRef = 286F777321B42B1E0069C12E /* TransitionFirstViewController.swift */; };
		286F777621B42B3F0069C12E /* TransitionFirst.storyboard in Resources */ = {isa = PBXBuildFile; fileRef = 286F777521B42B3F0069C12E /* TransitionFirst.storyboard */; };
		286F777821B43D9B0069C12E /* TransitionSecondViewController.swift in Sources */ = {isa = PBXBuildFile; fileRef = 286F777721B43D9B0069C12E /* TransitionSecondViewController.swift */; };
		286F777A21B4412C0069C12E /* TransitionSecond.storyboard in Resources */ = {isa = PBXBuildFile; fileRef = 286F777921B4412C0069C12E /* TransitionSecond.storyboard */; };
		286F777E21B450420069C12E /* BerlinOffice.plist in Resources */ = {isa = PBXBuildFile; fileRef = 286F777D21B450420069C12E /* BerlinOffice.plist */; };
		286F778021B451060069C12E /* BerlinOffice.xcassets in Resources */ = {isa = PBXBuildFile; fileRef = 286F777F21B451060069C12E /* BerlinOffice.xcassets */; };
		286F778421B4521F0069C12E /* BerlinOffice.swift in Sources */ = {isa = PBXBuildFile; fileRef = 286F778321B4521F0069C12E /* BerlinOffice.swift */; };
		286F778621B457E70069C12E /* AnimationsMenuViewController.swift in Sources */ = {isa = PBXBuildFile; fileRef = 286F778521B457E70069C12E /* AnimationsMenuViewController.swift */; };
		286F778821B459E00069C12E /* BerlinOfficeViewController.swift in Sources */ = {isa = PBXBuildFile; fileRef = 286F778721B459E00069C12E /* BerlinOfficeViewController.swift */; };
		286F778A21B459EC0069C12E /* BerlinOffice.storyboard in Resources */ = {isa = PBXBuildFile; fileRef = 286F778921B459EC0069C12E /* BerlinOffice.storyboard */; };
		286F778F21B45DB10069C12E /* EmployeeViewCell.swift in Sources */ = {isa = PBXBuildFile; fileRef = 286F778E21B45DB10069C12E /* EmployeeViewCell.swift */; };
		286F779121B465C30069C12E /* EmployeeDetailViewController.swift in Sources */ = {isa = PBXBuildFile; fileRef = 286F779021B465C30069C12E /* EmployeeDetailViewController.swift */; };
		286F779321B465D40069C12E /* EmployeeDetail.storyboard in Resources */ = {isa = PBXBuildFile; fileRef = 286F779221B465D40069C12E /* EmployeeDetail.storyboard */; };
		286F779521B46A4B0069C12E /* HeroIdCreator.swift in Sources */ = {isa = PBXBuildFile; fileRef = 286F779421B46A4B0069C12E /* HeroIdCreator.swift */; };
		28DF82B921B4775B005943EF /* BerlinOfficeGridViewController.swift in Sources */ = {isa = PBXBuildFile; fileRef = 28DF82B821B4775B005943EF /* BerlinOfficeGridViewController.swift */; };
		28DF82BB21B47773005943EF /* BerlinOfficeGrid.storyboard in Resources */ = {isa = PBXBuildFile; fileRef = 28DF82BA21B47773005943EF /* BerlinOfficeGrid.storyboard */; };
		28DF82BD21B47817005943EF /* EmployeeGridViewCell.swift in Sources */ = {isa = PBXBuildFile; fileRef = 28DF82BC21B47817005943EF /* EmployeeGridViewCell.swift */; };
		28DF82BF21B52055005943EF /* EmployeeImageViewController.swift in Sources */ = {isa = PBXBuildFile; fileRef = 28DF82BE21B52055005943EF /* EmployeeImageViewController.swift */; };
		28DF82C121B52064005943EF /* EmployeeImage.storyboard in Resources */ = {isa = PBXBuildFile; fileRef = 28DF82C021B52064005943EF /* EmployeeImage.storyboard */; };
		48A1BD2395EA798CE61149E5 /* Pods_HeroDemo.framework in Frameworks */ = {isa = PBXBuildFile; fileRef = E321D232D91E2B4606046EAC /* Pods_HeroDemo.framework */; };
/* End PBXBuildFile section */

/* Begin PBXFileReference section */
		0F4326AD3C2A4E761CBD4AB1 /* Pods-HeroDemo.debug.xcconfig */ = {isa = PBXFileReference; includeInIndex = 1; lastKnownFileType = text.xcconfig; name = "Pods-HeroDemo.debug.xcconfig"; path = "Pods/Target Support Files/Pods-HeroDemo/Pods-HeroDemo.debug.xcconfig"; sourceTree = "<group>"; };
		286F774221B418E30069C12E /* HeroDemo.app */ = {isa = PBXFileReference; explicitFileType = wrapper.application; includeInIndex = 0; path = HeroDemo.app; sourceTree = BUILT_PRODUCTS_DIR; };
		286F774521B418E30069C12E /* AppDelegate.swift */ = {isa = PBXFileReference; lastKnownFileType = sourcecode.swift; path = AppDelegate.swift; sourceTree = "<group>"; };
		286F774C21B418E50069C12E /* Assets.xcassets */ = {isa = PBXFileReference; lastKnownFileType = folder.assetcatalog; path = Assets.xcassets; sourceTree = "<group>"; };
		286F774F21B418E50069C12E /* Base */ = {isa = PBXFileReference; lastKnownFileType = file.storyboard; name = Base; path = Base.lproj/LaunchScreen.storyboard; sourceTree = "<group>"; };
		286F775121B418E50069C12E /* Info.plist */ = {isa = PBXFileReference; lastKnownFileType = text.plist.xml; path = Info.plist; sourceTree = "<group>"; };
		286F775821B419720069C12E /* Coordinator.swift */ = {isa = PBXFileReference; lastKnownFileType = sourcecode.swift; path = Coordinator.swift; sourceTree = "<group>"; };
		286F775A21B419D00069C12E /* TabBarCoordinator.swift */ = {isa = PBXFileReference; lastKnownFileType = sourcecode.swift; path = TabBarCoordinator.swift; sourceTree = "<group>"; };
		286F775D21B41CF20069C12E /* TransitionsCoordinator.swift */ = {isa = PBXFileReference; lastKnownFileType = sourcecode.swift; path = TransitionsCoordinator.swift; sourceTree = "<group>"; };
		286F776021B41D120069C12E /* AnimationsMenuCoordinator.swift */ = {isa = PBXFileReference; lastKnownFileType = sourcecode.swift; path = AnimationsMenuCoordinator.swift; sourceTree = "<group>"; };
		286F776721B4267F0069C12E /* StoryboardExtentions.swift */ = {isa = PBXFileReference; lastKnownFileType = sourcecode.swift; path = StoryboardExtentions.swift; sourceTree = "<group>"; };
		286F776921B427180069C12E /* StringExtensions.swift */ = {isa = PBXFileReference; lastKnownFileType = sourcecode.swift; path = StringExtensions.swift; sourceTree = "<group>"; };
		286F777021B4287A0069C12E /* AnimationsMenu.storyboard */ = {isa = PBXFileReference; lastKnownFileType = file.storyboard; path = AnimationsMenu.storyboard; sourceTree = "<group>"; };
		286F777321B42B1E0069C12E /* TransitionFirstViewController.swift */ = {isa = PBXFileReference; lastKnownFileType = sourcecode.swift; path = TransitionFirstViewController.swift; sourceTree = "<group>"; };
		286F777521B42B3F0069C12E /* TransitionFirst.storyboard */ = {isa = PBXFileReference; lastKnownFileType = file.storyboard; path = TransitionFirst.storyboard; sourceTree = "<group>"; };
		286F777721B43D9B0069C12E /* TransitionSecondViewController.swift */ = {isa = PBXFileReference; lastKnownFileType = sourcecode.swift; path = TransitionSecondViewController.swift; sourceTree = "<group>"; };
		286F777921B4412C0069C12E /* TransitionSecond.storyboard */ = {isa = PBXFileReference; lastKnownFileType = file.storyboard; path = TransitionSecond.storyboard; sourceTree = "<group>"; };
		286F777D21B450420069C12E /* BerlinOffice.plist */ = {isa = PBXFileReference; lastKnownFileType = text.plist.xml; path = BerlinOffice.plist; sourceTree = "<group>"; };
		286F777F21B451060069C12E /* BerlinOffice.xcassets */ = {isa = PBXFileReference; lastKnownFileType = folder.assetcatalog; path = BerlinOffice.xcassets; sourceTree = "<group>"; };
		286F778321B4521F0069C12E /* BerlinOffice.swift */ = {isa = PBXFileReference; lastKnownFileType = sourcecode.swift; path = BerlinOffice.swift; sourceTree = "<group>"; };
		286F778521B457E70069C12E /* AnimationsMenuViewController.swift */ = {isa = PBXFileReference; fileEncoding = 4; lastKnownFileType = sourcecode.swift; path = AnimationsMenuViewController.swift; sourceTree = "<group>"; };
		286F778721B459E00069C12E /* BerlinOfficeViewController.swift */ = {isa = PBXFileReference; lastKnownFileType = sourcecode.swift; path = BerlinOfficeViewController.swift; sourceTree = "<group>"; };
		286F778921B459EC0069C12E /* BerlinOffice.storyboard */ = {isa = PBXFileReference; lastKnownFileType = file.storyboard; path = BerlinOffice.storyboard; sourceTree = "<group>"; };
		286F778E21B45DB10069C12E /* EmployeeViewCell.swift */ = {isa = PBXFileReference; lastKnownFileType = sourcecode.swift; path = EmployeeViewCell.swift; sourceTree = "<group>"; };
		286F779021B465C30069C12E /* EmployeeDetailViewController.swift */ = {isa = PBXFileReference; lastKnownFileType = sourcecode.swift; path = EmployeeDetailViewController.swift; sourceTree = "<group>"; };
		286F779221B465D40069C12E /* EmployeeDetail.storyboard */ = {isa = PBXFileReference; lastKnownFileType = file.storyboard; path = EmployeeDetail.storyboard; sourceTree = "<group>"; };
		286F779421B46A4B0069C12E /* HeroIdCreator.swift */ = {isa = PBXFileReference; lastKnownFileType = sourcecode.swift; path = HeroIdCreator.swift; sourceTree = "<group>"; };
		28DF82B821B4775B005943EF /* BerlinOfficeGridViewController.swift */ = {isa = PBXFileReference; lastKnownFileType = sourcecode.swift; path = BerlinOfficeGridViewController.swift; sourceTree = "<group>"; };
		28DF82BA21B47773005943EF /* BerlinOfficeGrid.storyboard */ = {isa = PBXFileReference; lastKnownFileType = file.storyboard; path = BerlinOfficeGrid.storyboard; sourceTree = "<group>"; };
		28DF82BC21B47817005943EF /* EmployeeGridViewCell.swift */ = {isa = PBXFileReference; lastKnownFileType = sourcecode.swift; path = EmployeeGridViewCell.swift; sourceTree = "<group>"; };
		28DF82BE21B52055005943EF /* EmployeeImageViewController.swift */ = {isa = PBXFileReference; lastKnownFileType = sourcecode.swift; path = EmployeeImageViewController.swift; sourceTree = "<group>"; };
		28DF82C021B52064005943EF /* EmployeeImage.storyboard */ = {isa = PBXFileReference; lastKnownFileType = file.storyboard; path = EmployeeImage.storyboard; sourceTree = "<group>"; };
		CFA3280A785352680990C16A /* Pods-HeroDemo.release.xcconfig */ = {isa = PBXFileReference; includeInIndex = 1; lastKnownFileType = text.xcconfig; name = "Pods-HeroDemo.release.xcconfig"; path = "Pods/Target Support Files/Pods-HeroDemo/Pods-HeroDemo.release.xcconfig"; sourceTree = "<group>"; };
		E321D232D91E2B4606046EAC /* Pods_HeroDemo.framework */ = {isa = PBXFileReference; explicitFileType = wrapper.framework; includeInIndex = 0; path = Pods_HeroDemo.framework; sourceTree = BUILT_PRODUCTS_DIR; };
/* End PBXFileReference section */

/* Begin PBXFrameworksBuildPhase section */
		286F773F21B418E30069C12E /* Frameworks */ = {
			isa = PBXFrameworksBuildPhase;
			buildActionMask = 2147483647;
			files = (
				48A1BD2395EA798CE61149E5 /* Pods_HeroDemo.framework in Frameworks */,
			);
			runOnlyForDeploymentPostprocessing = 0;
		};
/* End PBXFrameworksBuildPhase section */

/* Begin PBXGroup section */
		286F773921B418E30069C12E = {
			isa = PBXGroup;
			children = (
				286F774421B418E30069C12E /* HeroDemo */,
				286F774321B418E30069C12E /* Products */,
				EF315FE407029119B1049AA8 /* Pods */,
				6FCF9C6E11E6BCB6289DA490 /* Frameworks */,
			);
			sourceTree = "<group>";
		};
		286F774321B418E30069C12E /* Products */ = {
			isa = PBXGroup;
			children = (
				286F774221B418E30069C12E /* HeroDemo.app */,
			);
			name = Products;
			sourceTree = "<group>";
		};
		286F774421B418E30069C12E /* HeroDemo */ = {
			isa = PBXGroup;
			children = (
				286F776521B426220069C12E /* App */,
				286F776421B426100069C12E /* Utility */,
				286F774521B418E30069C12E /* AppDelegate.swift */,
				286F774C21B418E50069C12E /* Assets.xcassets */,
				286F774E21B418E50069C12E /* LaunchScreen.storyboard */,
				286F775121B418E50069C12E /* Info.plist */,
			);
			path = HeroDemo;
			sourceTree = "<group>";
		};
		286F775721B4195F0069C12E /* Coordinators */ = {
			isa = PBXGroup;
			children = (
				286F775821B419720069C12E /* Coordinator.swift */,
				286F775A21B419D00069C12E /* TabBarCoordinator.swift */,
			);
			path = Coordinators;
			sourceTree = "<group>";
		};
		286F775C21B41CB30069C12E /* Animations */ = {
			isa = PBXGroup;
			children = (
				286F776B21B428120069C12E /* Coordinator */,
				286F777221B42AFC0069C12E /* ViewController */,
			);
			path = Animations;
			sourceTree = "<group>";
		};
		286F775F21B41CFD0069C12E /* AnimationsMenu */ = {
			isa = PBXGroup;
			children = (
				286F776C21B4281C0069C12E /* Coordinator */,
				286F778121B451D50069C12E /* Model */,
				286F777C21B4502A0069C12E /* Resources */,
				286F776D21B428300069C12E /* ViewController */,
				286F778C21B45D760069C12E /* Views */,
			);
			path = AnimationsMenu;
			sourceTree = "<group>";
		};
		286F776421B426100069C12E /* Utility */ = {
			isa = PBXGroup;
			children = (
				286F776621B426310069C12E /* Extentions */,
				286F775721B4195F0069C12E /* Coordinators */,
			);
			path = Utility;
			sourceTree = "<group>";
		};
		286F776521B426220069C12E /* App */ = {
			isa = PBXGroup;
			children = (
				286F775C21B41CB30069C12E /* Animations */,
				286F775F21B41CFD0069C12E /* AnimationsMenu */,
			);
			path = App;
			sourceTree = "<group>";
		};
		286F776621B426310069C12E /* Extentions */ = {
			isa = PBXGroup;
			children = (
				286F776721B4267F0069C12E /* StoryboardExtentions.swift */,
				286F776921B427180069C12E /* StringExtensions.swift */,
			);
			path = Extentions;
			sourceTree = "<group>";
		};
		286F776B21B428120069C12E /* Coordinator */ = {
			isa = PBXGroup;
			children = (
				286F775D21B41CF20069C12E /* TransitionsCoordinator.swift */,
			);
			path = Coordinator;
			sourceTree = "<group>";
		};
		286F776C21B4281C0069C12E /* Coordinator */ = {
			isa = PBXGroup;
			children = (
				286F776021B41D120069C12E /* AnimationsMenuCoordinator.swift */,
			);
			path = Coordinator;
			sourceTree = "<group>";
		};
		286F776D21B428300069C12E /* ViewController */ = {
			isa = PBXGroup;
			children = (
				286F778521B457E70069C12E /* AnimationsMenuViewController.swift */,
				286F777021B4287A0069C12E /* AnimationsMenu.storyboard */,
				286F778721B459E00069C12E /* BerlinOfficeViewController.swift */,
				286F778921B459EC0069C12E /* BerlinOffice.storyboard */,
				28DF82B821B4775B005943EF /* BerlinOfficeGridViewController.swift */,
				28DF82BA21B47773005943EF /* BerlinOfficeGrid.storyboard */,
				286F779021B465C30069C12E /* EmployeeDetailViewController.swift */,
				286F779221B465D40069C12E /* EmployeeDetail.storyboard */,
				28DF82BE21B52055005943EF /* EmployeeImageViewController.swift */,
				28DF82C021B52064005943EF /* EmployeeImage.storyboard */,
			);
			path = ViewController;
			sourceTree = "<group>";
		};
		286F777221B42AFC0069C12E /* ViewController */ = {
			isa = PBXGroup;
			children = (
				286F777321B42B1E0069C12E /* TransitionFirstViewController.swift */,
				286F777521B42B3F0069C12E /* TransitionFirst.storyboard */,
				286F777721B43D9B0069C12E /* TransitionSecondViewController.swift */,
				286F777921B4412C0069C12E /* TransitionSecond.storyboard */,
			);
			path = ViewController;
			sourceTree = "<group>";
		};
		286F777C21B4502A0069C12E /* Resources */ = {
			isa = PBXGroup;
			children = (
				286F777D21B450420069C12E /* BerlinOffice.plist */,
				286F777F21B451060069C12E /* BerlinOffice.xcassets */,
			);
			path = Resources;
			sourceTree = "<group>";
		};
		286F778121B451D50069C12E /* Model */ = {
			isa = PBXGroup;
			children = (
				286F778321B4521F0069C12E /* BerlinOffice.swift */,
				286F779421B46A4B0069C12E /* HeroIdCreator.swift */,
			);
			path = Model;
			sourceTree = "<group>";
		};
		286F778C21B45D760069C12E /* Views */ = {
			isa = PBXGroup;
			children = (
				286F778E21B45DB10069C12E /* EmployeeViewCell.swift */,
				28DF82BC21B47817005943EF /* EmployeeGridViewCell.swift */,
			);
			path = Views;
			sourceTree = "<group>";
		};
		6FCF9C6E11E6BCB6289DA490 /* Frameworks */ = {
			isa = PBXGroup;
			children = (
				E321D232D91E2B4606046EAC /* Pods_HeroDemo.framework */,
			);
			name = Frameworks;
			sourceTree = "<group>";
		};
		EF315FE407029119B1049AA8 /* Pods */ = {
			isa = PBXGroup;
			children = (
				0F4326AD3C2A4E761CBD4AB1 /* Pods-HeroDemo.debug.xcconfig */,
				CFA3280A785352680990C16A /* Pods-HeroDemo.release.xcconfig */,
			);
			name = Pods;
			sourceTree = "<group>";
		};
/* End PBXGroup section */

/* Begin PBXNativeTarget section */
		286F774121B418E30069C12E /* HeroDemo */ = {
			isa = PBXNativeTarget;
			buildConfigurationList = 286F775421B418E50069C12E /* Build configuration list for PBXNativeTarget "HeroDemo" */;
			buildPhases = (
				8387DD793519070739A58824 /* [CP] Check Pods Manifest.lock */,
				286F773E21B418E30069C12E /* Sources */,
				286F773F21B418E30069C12E /* Frameworks */,
				286F774021B418E30069C12E /* Resources */,
				B3BE4CCE06E4AE0625008564 /* [CP] Embed Pods Frameworks */,
			);
			buildRules = (
			);
			dependencies = (
			);
			name = HeroDemo;
			productName = HeroDemo;
			productReference = 286F774221B418E30069C12E /* HeroDemo.app */;
			productType = "com.apple.product-type.application";
		};
/* End PBXNativeTarget section */

/* Begin PBXProject section */
		286F773A21B418E30069C12E /* Project object */ = {
			isa = PBXProject;
			attributes = {
				LastSwiftUpdateCheck = 1000;
				LastUpgradeCheck = 1000;
				ORGANIZATIONNAME = Intive;
				TargetAttributes = {
					286F774121B418E30069C12E = {
						CreatedOnToolsVersion = 10.0;
					};
				};
			};
			buildConfigurationList = 286F773D21B418E30069C12E /* Build configuration list for PBXProject "HeroDemo" */;
			compatibilityVersion = "Xcode 9.3";
			developmentRegion = en;
			hasScannedForEncodings = 0;
			knownRegions = (
				en,
				Base,
			);
			mainGroup = 286F773921B418E30069C12E;
			productRefGroup = 286F774321B418E30069C12E /* Products */;
			projectDirPath = "";
			projectRoot = "";
			targets = (
				286F774121B418E30069C12E /* HeroDemo */,
			);
		};
/* End PBXProject section */

/* Begin PBXResourcesBuildPhase section */
		286F774021B418E30069C12E /* Resources */ = {
			isa = PBXResourcesBuildPhase;
			buildActionMask = 2147483647;
			files = (
				286F777E21B450420069C12E /* BerlinOffice.plist in Resources */,
				286F775021B418E50069C12E /* LaunchScreen.storyboard in Resources */,
				286F778021B451060069C12E /* BerlinOffice.xcassets in Resources */,
				286F774D21B418E50069C12E /* Assets.xcassets in Resources */,
				28DF82C121B52064005943EF /* EmployeeImage.storyboard in Resources */,
				286F777621B42B3F0069C12E /* TransitionFirst.storyboard in Resources */,
				286F777121B4287A0069C12E /* AnimationsMenu.storyboard in Resources */,
				286F778A21B459EC0069C12E /* BerlinOffice.storyboard in Resources */,
				286F779321B465D40069C12E /* EmployeeDetail.storyboard in Resources */,
				28DF82BB21B47773005943EF /* BerlinOfficeGrid.storyboard in Resources */,
				286F777A21B4412C0069C12E /* TransitionSecond.storyboard in Resources */,
			);
			runOnlyForDeploymentPostprocessing = 0;
		};
/* End PBXResourcesBuildPhase section */

/* Begin PBXShellScriptBuildPhase section */
		8387DD793519070739A58824 /* [CP] Check Pods Manifest.lock */ = {
			isa = PBXShellScriptBuildPhase;
			buildActionMask = 2147483647;
			files = (
			);
			inputPaths = (
				"${PODS_PODFILE_DIR_PATH}/Podfile.lock",
				"${PODS_ROOT}/Manifest.lock",
			);
			name = "[CP] Check Pods Manifest.lock";
			outputPaths = (
				"$(DERIVED_FILE_DIR)/Pods-HeroDemo-checkManifestLockResult.txt",
			);
			runOnlyForDeploymentPostprocessing = 0;
			shellPath = /bin/sh;
			shellScript = "diff \"${PODS_PODFILE_DIR_PATH}/Podfile.lock\" \"${PODS_ROOT}/Manifest.lock\" > /dev/null\nif [ $? != 0 ] ; then\n    # print error to STDERR\n    echo \"error: The sandbox is not in sync with the Podfile.lock. Run 'pod install' or update your CocoaPods installation.\" >&2\n    exit 1\nfi\n# This output is used by Xcode 'outputs' to avoid re-running this script phase.\necho \"SUCCESS\" > \"${SCRIPT_OUTPUT_FILE_0}\"\n";
			showEnvVarsInLog = 0;
		};
		B3BE4CCE06E4AE0625008564 /* [CP] Embed Pods Frameworks */ = {
			isa = PBXShellScriptBuildPhase;
			buildActionMask = 2147483647;
			files = (
			);
			inputPaths = (
				"${SRCROOT}/Pods/Target Support Files/Pods-HeroDemo/Pods-HeroDemo-frameworks.sh",
				"${BUILT_PRODUCTS_DIR}/Hero/Hero.framework",
			);
			name = "[CP] Embed Pods Frameworks";
			outputPaths = (
				"${TARGET_BUILD_DIR}/${FRAMEWORKS_FOLDER_PATH}/Hero.framework",
			);
			runOnlyForDeploymentPostprocessing = 0;
			shellPath = /bin/sh;
			shellScript = "\"${SRCROOT}/Pods/Target Support Files/Pods-HeroDemo/Pods-HeroDemo-frameworks.sh\"\n";
			showEnvVarsInLog = 0;
		};
/* End PBXShellScriptBuildPhase section */

/* Begin PBXSourcesBuildPhase section */
		286F773E21B418E30069C12E /* Sources */ = {
			isa = PBXSourcesBuildPhase;
			buildActionMask = 2147483647;
			files = (
				286F778821B459E00069C12E /* BerlinOfficeViewController.swift in Sources */,
				286F776A21B427180069C12E /* StringExtensions.swift in Sources */,
				286F778621B457E70069C12E /* AnimationsMenuViewController.swift in Sources */,
				286F777821B43D9B0069C12E /* TransitionSecondViewController.swift in Sources */,
				286F776821B4267F0069C12E /* StoryboardExtentions.swift in Sources */,
				286F779121B465C30069C12E /* EmployeeDetailViewController.swift in Sources */,
				286F776121B41D120069C12E /* AnimationsMenuCoordinator.swift in Sources */,
				286F774621B418E30069C12E /* AppDelegate.swift in Sources */,
				286F775B21B419D00069C12E /* TabBarCoordinator.swift in Sources */,
				286F777421B42B1E0069C12E /* TransitionFirstViewController.swift in Sources */,
				286F778421B4521F0069C12E /* BerlinOffice.swift in Sources */,
				286F775921B419720069C12E /* Coordinator.swift in Sources */,
				28DF82B921B4775B005943EF /* BerlinOfficeGridViewController.swift in Sources */,
				286F778F21B45DB10069C12E /* EmployeeViewCell.swift in Sources */,
				28DF82BF21B52055005943EF /* EmployeeImageViewController.swift in Sources */,
				286F775E21B41CF20069C12E /* TransitionsCoordinator.swift in Sources */,
				28DF82BD21B47817005943EF /* EmployeeGridViewCell.swift in Sources */,
				286F779521B46A4B0069C12E /* HeroIdCreator.swift in Sources */,
			);
			runOnlyForDeploymentPostprocessing = 0;
		};
/* End PBXSourcesBuildPhase section */

/* Begin PBXVariantGroup section */
		286F774E21B418E50069C12E /* LaunchScreen.storyboard */ = {
			isa = PBXVariantGroup;
			children = (
				286F774F21B418E50069C12E /* Base */,
			);
			name = LaunchScreen.storyboard;
			sourceTree = "<group>";
		};
/* End PBXVariantGroup section */

/* Begin XCBuildConfiguration section */
		286F775221B418E50069C12E /* Debug */ = {
			isa = XCBuildConfiguration;
			buildSettings = {
				ALWAYS_SEARCH_USER_PATHS = NO;
				CLANG_ANALYZER_NONNULL = YES;
				CLANG_ANALYZER_NUMBER_OBJECT_CONVERSION = YES_AGGRESSIVE;
				CLANG_CXX_LANGUAGE_STANDARD = "gnu++14";
				CLANG_CXX_LIBRARY = "libc++";
				CLANG_ENABLE_MODULES = YES;
				CLANG_ENABLE_OBJC_ARC = YES;
				CLANG_ENABLE_OBJC_WEAK = YES;
				CLANG_WARN_BLOCK_CAPTURE_AUTORELEASING = YES;
				CLANG_WARN_BOOL_CONVERSION = YES;
				CLANG_WARN_COMMA = YES;
				CLANG_WARN_CONSTANT_CONVERSION = YES;
				CLANG_WARN_DEPRECATED_OBJC_IMPLEMENTATIONS = YES;
				CLANG_WARN_DIRECT_OBJC_ISA_USAGE = YES_ERROR;
				CLANG_WARN_DOCUMENTATION_COMMENTS = YES;
				CLANG_WARN_EMPTY_BODY = YES;
				CLANG_WARN_ENUM_CONVERSION = YES;
				CLANG_WARN_INFINITE_RECURSION = YES;
				CLANG_WARN_INT_CONVERSION = YES;
				CLANG_WARN_NON_LITERAL_NULL_CONVERSION = YES;
				CLANG_WARN_OBJC_IMPLICIT_RETAIN_SELF = YES;
				CLANG_WARN_OBJC_LITERAL_CONVERSION = YES;
				CLANG_WARN_OBJC_ROOT_CLASS = YES_ERROR;
				CLANG_WARN_RANGE_LOOP_ANALYSIS = YES;
				CLANG_WARN_STRICT_PROTOTYPES = YES;
				CLANG_WARN_SUSPICIOUS_MOVE = YES;
				CLANG_WARN_UNGUARDED_AVAILABILITY = YES_AGGRESSIVE;
				CLANG_WARN_UNREACHABLE_CODE = YES;
				CLANG_WARN__DUPLICATE_METHOD_MATCH = YES;
				CODE_SIGN_IDENTITY = "iPhone Developer";
				COPY_PHASE_STRIP = NO;
				DEBUG_INFORMATION_FORMAT = dwarf;
				ENABLE_STRICT_OBJC_MSGSEND = YES;
				ENABLE_TESTABILITY = YES;
				GCC_C_LANGUAGE_STANDARD = gnu11;
				GCC_DYNAMIC_NO_PIC = NO;
				GCC_NO_COMMON_BLOCKS = YES;
				GCC_OPTIMIZATION_LEVEL = 0;
				GCC_PREPROCESSOR_DEFINITIONS = (
					"DEBUG=1",
					"$(inherited)",
				);
				GCC_WARN_64_TO_32_BIT_CONVERSION = YES;
				GCC_WARN_ABOUT_RETURN_TYPE = YES_ERROR;
				GCC_WARN_UNDECLARED_SELECTOR = YES;
				GCC_WARN_UNINITIALIZED_AUTOS = YES_AGGRESSIVE;
				GCC_WARN_UNUSED_FUNCTION = YES;
				GCC_WARN_UNUSED_VARIABLE = YES;
				IPHONEOS_DEPLOYMENT_TARGET = 12.0;
				MTL_ENABLE_DEBUG_INFO = INCLUDE_SOURCE;
				MTL_FAST_MATH = YES;
				ONLY_ACTIVE_ARCH = YES;
				SDKROOT = iphoneos;
				SWIFT_ACTIVE_COMPILATION_CONDITIONS = DEBUG;
				SWIFT_OPTIMIZATION_LEVEL = "-Onone";
			};
			name = Debug;
		};
		286F775321B418E50069C12E /* Release */ = {
			isa = XCBuildConfiguration;
			buildSettings = {
				ALWAYS_SEARCH_USER_PATHS = NO;
				CLANG_ANALYZER_NONNULL = YES;
				CLANG_ANALYZER_NUMBER_OBJECT_CONVERSION = YES_AGGRESSIVE;
				CLANG_CXX_LANGUAGE_STANDARD = "gnu++14";
				CLANG_CXX_LIBRARY = "libc++";
				CLANG_ENABLE_MODULES = YES;
				CLANG_ENABLE_OBJC_ARC = YES;
				CLANG_ENABLE_OBJC_WEAK = YES;
				CLANG_WARN_BLOCK_CAPTURE_AUTORELEASING = YES;
				CLANG_WARN_BOOL_CONVERSION = YES;
				CLANG_WARN_COMMA = YES;
				CLANG_WARN_CONSTANT_CONVERSION = YES;
				CLANG_WARN_DEPRECATED_OBJC_IMPLEMENTATIONS = YES;
				CLANG_WARN_DIRECT_OBJC_ISA_USAGE = YES_ERROR;
				CLANG_WARN_DOCUMENTATION_COMMENTS = YES;
				CLANG_WARN_EMPTY_BODY = YES;
				CLANG_WARN_ENUM_CONVERSION = YES;
				CLANG_WARN_INFINITE_RECURSION = YES;
				CLANG_WARN_INT_CONVERSION = YES;
				CLANG_WARN_NON_LITERAL_NULL_CONVERSION = YES;
				CLANG_WARN_OBJC_IMPLICIT_RETAIN_SELF = YES;
				CLANG_WARN_OBJC_LITERAL_CONVERSION = YES;
				CLANG_WARN_OBJC_ROOT_CLASS = YES_ERROR;
				CLANG_WARN_RANGE_LOOP_ANALYSIS = YES;
				CLANG_WARN_STRICT_PROTOTYPES = YES;
				CLANG_WARN_SUSPICIOUS_MOVE = YES;
				CLANG_WARN_UNGUARDED_AVAILABILITY = YES_AGGRESSIVE;
				CLANG_WARN_UNREACHABLE_CODE = YES;
				CLANG_WARN__DUPLICATE_METHOD_MATCH = YES;
				CODE_SIGN_IDENTITY = "iPhone Developer";
				COPY_PHASE_STRIP = NO;
				DEBUG_INFORMATION_FORMAT = "dwarf-with-dsym";
				ENABLE_NS_ASSERTIONS = NO;
				ENABLE_STRICT_OBJC_MSGSEND = YES;
				GCC_C_LANGUAGE_STANDARD = gnu11;
				GCC_NO_COMMON_BLOCKS = YES;
				GCC_WARN_64_TO_32_BIT_CONVERSION = YES;
				GCC_WARN_ABOUT_RETURN_TYPE = YES_ERROR;
				GCC_WARN_UNDECLARED_SELECTOR = YES;
				GCC_WARN_UNINITIALIZED_AUTOS = YES_AGGRESSIVE;
				GCC_WARN_UNUSED_FUNCTION = YES;
				GCC_WARN_UNUSED_VARIABLE = YES;
				IPHONEOS_DEPLOYMENT_TARGET = 12.0;
				MTL_ENABLE_DEBUG_INFO = NO;
				MTL_FAST_MATH = YES;
				SDKROOT = iphoneos;
				SWIFT_COMPILATION_MODE = wholemodule;
				SWIFT_OPTIMIZATION_LEVEL = "-O";
				VALIDATE_PRODUCT = YES;
			};
			name = Release;
		};
		286F775521B418E50069C12E /* Debug */ = {
			isa = XCBuildConfiguration;
			baseConfigurationReference = 0F4326AD3C2A4E761CBD4AB1 /* Pods-HeroDemo.debug.xcconfig */;
			buildSettings = {
				ASSETCATALOG_COMPILER_APPICON_NAME = AppIcon;
				CODE_SIGN_STYLE = Automatic;
				DEVELOPMENT_TEAM = Y6J9M79DH2;
				INFOPLIST_FILE = HeroDemo/Info.plist;
				LD_RUNPATH_SEARCH_PATHS = (
					"$(inherited)",
					"@executable_path/Frameworks",
				);
				PRODUCT_BUNDLE_IDENTIFIER = Intive.HeroDemo;
				PRODUCT_NAME = "$(TARGET_NAME)";
				SWIFT_VERSION = 4.2;
				TARGETED_DEVICE_FAMILY = "1,2";
			};
			name = Debug;
		};
		286F775621B418E50069C12E /* Release */ = {
			isa = XCBuildConfiguration;
			baseConfigurationReference = CFA3280A785352680990C16A /* Pods-HeroDemo.release.xcconfig */;
			buildSettings = {
				ASSETCATALOG_COMPILER_APPICON_NAME = AppIcon;
				CODE_SIGN_STYLE = Automatic;
				DEVELOPMENT_TEAM = Y6J9M79DH2;
				INFOPLIST_FILE = HeroDemo/Info.plist;
				LD_RUNPATH_SEARCH_PATHS = (
					"$(inherited)",
					"@executable_path/Frameworks",
				);
				PRODUCT_BUNDLE_IDENTIFIER = Intive.HeroDemo;
				PRODUCT_NAME = "$(TARGET_NAME)";
				SWIFT_VERSION = 4.2;
				TARGETED_DEVICE_FAMILY = "1,2";
			};
			name = Release;
		};
/* End XCBuildConfiguration section */

/* Begin XCConfigurationList section */
		286F773D21B418E30069C12E /* Build configuration list for PBXProject "HeroDemo" */ = {
			isa = XCConfigurationList;
			buildConfigurations = (
				286F775221B418E50069C12E /* Debug */,
				286F775321B418E50069C12E /* Release */,
			);
			defaultConfigurationIsVisible = 0;
			defaultConfigurationName = Release;
		};
		286F775421B418E50069C12E /* Build configuration list for PBXNativeTarget "HeroDemo" */ = {
			isa = XCConfigurationList;
			buildConfigurations = (
				286F775521B418E50069C12E /* Debug */,
				286F775621B418E50069C12E /* Release */,
			);
			defaultConfigurationIsVisible = 0;
			defaultConfigurationName = Release;
		};
/* End XCConfigurationList section */
	};
	rootObject = 286F773A21B418E30069C12E /* Project object */;
}
